
Microsoft Visual Studio Solution File, Format Version 12.00
# Visual Studio Version 17
VisualStudioVersion = 17.2.32602.215
MinimumVisualStudioVersion = 10.0.40219.1
Project("{FAE04EC0-301F-11D3-BF4B-00C04F79EFBC}") = "bogo sort", "bogo sort\bogo sort.csproj", "{BFC0DDFD-D293-465D-9014-FDC053A88DCD}"
EndProject
Global
	GlobalSection(SolutionConfigurationPlatforms) = preSolution
		Debug|Any CPU = Debug|Any CPU
		Release|Any CPU = Release|Any CPU
	EndGlobalSection
	GlobalSection(ProjectConfigurationPlatforms) = postSolution
		{BFC0DDFD-D293-465D-9014-FDC053A88DCD}.Debug|Any CPU.ActiveCfg = Debug|Any CPU
		{BFC0DDFD-D293-465D-9014-FDC053A88DCD}.Debug|Any CPU.Build.0 = Debug|Any CPU
		{BFC0DDFD-D293-465D-9014-FDC053A88DCD}.Release|Any CPU.ActiveCfg = Release|Any CPU
		{BFC0DDFD-D293-465D-9014-FDC053A88DCD}.Release|Any CPU.Build.0 = Release|Any CPU
	EndGlobalSection
	GlobalSection(SolutionProperties) = preSolution
		HideSolutionNode = FALSE
	EndGlobalSection
	GlobalSection(ExtensibilityGlobals) = postSolution
		SolutionGuid = {AE9B194F-B508-4D88-9ED1-D138EE57D374}
	EndGlobalSection
EndGlobal
